<?xml version="1.0" encoding="utf-8"?>
<Project ToolsVersion="4.0" xmlns="http://schemas.microsoft.com/developer/msbuild/2003">
  <ItemGroup>
    <ClInclude Include="stdafx.h" />
    <ClInclude Include="Graphic.h">
      <Filter>System</Filter>
    </ClInclude>
    <ClInclude Include="Input.h">
      <Filter>System</Filter>
    </ClInclude>
    <ClInclude Include="System.h">
      <Filter>System</Filter>
    </ClInclude>
    <ClInclude Include="AlignedAllocationPolicy.h" />
    <ClInclude Include="D3D.h">
      <Filter>System</Filter>
    </ClInclude>
    <ClInclude Include="Model.h">
      <Filter>Core</Filter>
    </ClInclude>
    <ClInclude Include="ColorShader.h">
      <Filter>Shader</Filter>
    </ClInclude>
    <ClInclude Include="Camera.h">
      <Filter>Core</Filter>
    </ClInclude>
    <ClInclude Include="Texture.h">
      <Filter>Core</Filter>
    </ClInclude>
    <ClInclude Include="TextureShader.h">
      <Filter>Shader</Filter>
    </ClInclude>
    <ClInclude Include="LightShader.h">
      <Filter>Shader</Filter>
    </ClInclude>
    <ClInclude Include="Light.h">
      <Filter>Core</Filter>
    </ClInclude>
  </ItemGroup>
  <ItemGroup>
    <ClCompile Include="stdafx.cpp" />
    <ClCompile Include="WinMain.cpp" />
    <ClCompile Include="Graphic.cpp">
      <Filter>System</Filter>
    </ClCompile>
    <ClCompile Include="Input.cpp">
      <Filter>System</Filter>
    </ClCompile>
    <ClCompile Include="System.cpp">
      <Filter>System</Filter>
    </ClCompile>
    <ClCompile Include="D3D.cpp">
      <Filter>System</Filter>
    </ClCompile>
    <ClCompile Include="Model.cpp">
      <Filter>Core</Filter>
    </ClCompile>
    <ClCompile Include="ColorShader.cpp">
      <Filter>Shader</Filter>
    </ClCompile>
    <ClCompile Include="Camera.cpp">
      <Filter>Core</Filter>
    </ClCompile>
    <ClCompile Include="Texture.cpp">
      <Filter>Core</Filter>
    </ClCompile>
    <ClCompile Include="TextureShader.cpp">
      <Filter>Shader</Filter>
    </ClCompile>
    <ClCompile Include="LightShader.cpp">
      <Filter>Shader</Filter>
    </ClCompile>
    <ClCompile Include="Light.cpp">
      <Filter>Core</Filter>
    </ClCompile>
  </ItemGroup>
  <ItemGroup>
    <Filter Include="System">
      <UniqueIdentifier>{1f5f27bf-2d45-4493-b2cf-f67c465c8515}</UniqueIdentifier>
    </Filter>
    <Filter Include="Shader">
      <UniqueIdentifier>{1e6fd3da-ecc4-4cbe-89c9-b1251fe39023}</UniqueIdentifier>
    </Filter>
    <Filter Include="Core">
      <UniqueIdentifier>{84fad780-e6d4-40b7-9b83-989310dd2adc}</UniqueIdentifier>
    </Filter>
  </ItemGroup>
  <ItemGroup>
    <None Include="color.vs">
      <Filter>Shader</Filter>
    </None>
    <None Include="color.ps">
      <Filter>Shader</Filter>
    </None>
    <None Include="texture.vs">
      <Filter>Shader</Filter>
    </None>
    <None Include="texture.ps">
      <Filter>Shader</Filter>
    </None>
    <None Include="Light.vs">
      <Filter>Shader</Filter>
    </None>
    <None Include="Light.ps">
      <Filter>Shader</Filter>
    </None>
  </ItemGroup>
</Project>